
Microsoft Visual Studio Solution File, Format Version 12.00
# Visual Studio Version 17
VisualStudioVersion = 17.8.34316.72
MinimumVisualStudioVersion = 10.0.40219.1
Project("{FAE04EC0-301F-11D3-BF4B-00C04F79EFBC}") = "WebAPIsaini", "WebAPIsaini\WebAPIsaini.csproj", "{C4CE3F78-1AFD-4643-9C58-95C894F41A71}"
EndProject
Global
	GlobalSection(SolutionConfigurationPlatforms) = preSolution
		Debug|Any CPU = Debug|Any CPU
		Release|Any CPU = Release|Any CPU
	EndGlobalSection
	GlobalSection(ProjectConfigurationPlatforms) = postSolution
		{C4CE3F78-1AFD-4643-9C58-95C894F41A71}.Debug|Any CPU.ActiveCfg = Debug|Any CPU
		{C4CE3F78-1AFD-4643-9C58-95C894F41A71}.Debug|Any CPU.Build.0 = Debug|Any CPU
		{C4CE3F78-1AFD-4643-9C58-95C894F41A71}.Release|Any CPU.ActiveCfg = Release|Any CPU
		{C4CE3F78-1AFD-4643-9C58-95C894F41A71}.Release|Any CPU.Build.0 = Release|Any CPU
	EndGlobalSection
	GlobalSection(SolutionProperties) = preSolution
		HideSolutionNode = FALSE
	EndGlobalSection
	GlobalSection(ExtensibilityGlobals) = postSolution
		SolutionGuid = {EF43700E-9B04-48FF-A822-23F74FA70797}
	EndGlobalSection
EndGlobal
